// !$*UTF8*$!
{
	archiveVersion = 1;
	classes = {
	};
	objectVersion = 46;
	objects = {

/* Begin PBXBuildFile section */
		00D6141519D218DA00F963A5 /* PriceViewCell.swift in Sources */ = {isa = PBXBuildFile; fileRef = 00D6141419D218DA00F963A5 /* PriceViewCell.swift */; };
		7EBBF4D719CFA8C00053B10B /* AppDelegate.swift in Sources */ = {isa = PBXBuildFile; fileRef = 7EBBF4D619CFA8C00053B10B /* AppDelegate.swift */; };
		7EBBF4D919CFA8C00053B10B /* ViewController.swift in Sources */ = {isa = PBXBuildFile; fileRef = 7EBBF4D819CFA8C00053B10B /* ViewController.swift */; };
		7EBBF4DC19CFA8C00053B10B /* Main.storyboard in Resources */ = {isa = PBXBuildFile; fileRef = 7EBBF4DA19CFA8C00053B10B /* Main.storyboard */; };
		7EBBF4DE19CFA8C00053B10B /* Images.xcassets in Resources */ = {isa = PBXBuildFile; fileRef = 7EBBF4DD19CFA8C00053B10B /* Images.xcassets */; };
		7EBBF4E119CFA8C00053B10B /* LaunchScreen.xib in Resources */ = {isa = PBXBuildFile; fileRef = 7EBBF4DF19CFA8C00053B10B /* LaunchScreen.xib */; };
		7EBBF4ED19CFA8C00053B10B /* yelppyTests.swift in Sources */ = {isa = PBXBuildFile; fileRef = 7EBBF4EC19CFA8C00053B10B /* yelppyTests.swift */; };
		7EBBF4F719CFA9DA0053B10B /* FilterCell.swift in Sources */ = {isa = PBXBuildFile; fileRef = 7EBBF4F619CFA9DA0053B10B /* FilterCell.swift */; };
		7EBBF4F919CFF7160053B10B /* SelectionViewCell.swift in Sources */ = {isa = PBXBuildFile; fileRef = 7EBBF4F819CFF7160053B10B /* SelectionViewCell.swift */; };
		7EBBF4FB19D0007F0053B10B /* SortViewCell.swift in Sources */ = {isa = PBXBuildFile; fileRef = 7EBBF4FA19D0007F0053B10B /* SortViewCell.swift */; };
		7EBBF4FD19D000BA0053B10B /* RadiusViewCell.swift in Sources */ = {isa = PBXBuildFile; fileRef = 7EBBF4FC19D000BA0053B10B /* RadiusViewCell.swift */; };
		7EBBF55D19D0C2F50053B10B /* YelpClient.swift in Sources */ = {isa = PBXBuildFile; fileRef = 7EBBF55C19D0C2F50053B10B /* YelpClient.swift */; };
		7EBBF56219D0C4020053B10B /* YelpResultsViewController.swift in Sources */ = {isa = PBXBuildFile; fileRef = 7EBBF56119D0C4020053B10B /* YelpResultsViewController.swift */; };
		7EBBF56819D139900053B10B /* YelpTableViewCell.swift in Sources */ = {isa = PBXBuildFile; fileRef = 7EBBF56719D139900053B10B /* YelpTableViewCell.swift */; };
		7EBBF56A19D140520053B10B /* RestaurantsViewController.swift in Sources */ = {isa = PBXBuildFile; fileRef = 7EBBF56919D140520053B10B /* RestaurantsViewController.swift */; };
		7EBBF56C19D1754D0053B10B /* FilterViewController.swift in Sources */ = {isa = PBXBuildFile; fileRef = 7EBBF56B19D1754D0053B10B /* FilterViewController.swift */; };
		7EBBF56E19D176870053B10B /* FilterViewCell.swift in Sources */ = {isa = PBXBuildFile; fileRef = 7EBBF56D19D176870053B10B /* FilterViewCell.swift */; };
		D7A861116766404A84CCBD06 /* libPods.a in Frameworks */ = {isa = PBXBuildFile; fileRef = 9804722740BA455B90C29158 /* libPods.a */; };
/* End PBXBuildFile section */

/* Begin PBXContainerItemProxy section */
		7EBBF4E719CFA8C00053B10B /* PBXContainerItemProxy */ = {
			isa = PBXContainerItemProxy;
			containerPortal = 7EBBF4C919CFA8C00053B10B /* Project object */;
			proxyType = 1;
			remoteGlobalIDString = 7EBBF4D019CFA8C00053B10B;
			remoteInfo = yelppy;
		};
/* End PBXContainerItemProxy section */

/* Begin PBXFileReference section */
		00D6141419D218DA00F963A5 /* PriceViewCell.swift */ = {isa = PBXFileReference; fileEncoding = 4; lastKnownFileType = sourcecode.swift; path = PriceViewCell.swift; sourceTree = "<group>"; };
		7EBBF4D119CFA8C00053B10B /* yelppy.app */ = {isa = PBXFileReference; explicitFileType = wrapper.application; includeInIndex = 0; path = yelppy.app; sourceTree = BUILT_PRODUCTS_DIR; };
		7EBBF4D519CFA8C00053B10B /* Info.plist */ = {isa = PBXFileReference; lastKnownFileType = text.plist.xml; path = Info.plist; sourceTree = "<group>"; };
		7EBBF4D619CFA8C00053B10B /* AppDelegate.swift */ = {isa = PBXFileReference; lastKnownFileType = sourcecode.swift; path = AppDelegate.swift; sourceTree = "<group>"; };
		7EBBF4D819CFA8C00053B10B /* ViewController.swift */ = {isa = PBXFileReference; lastKnownFileType = sourcecode.swift; path = ViewController.swift; sourceTree = "<group>"; };
		7EBBF4DB19CFA8C00053B10B /* Base */ = {isa = PBXFileReference; lastKnownFileType = file.storyboard; name = Base; path = Base.lproj/Main.storyboard; sourceTree = "<group>"; };
		7EBBF4DD19CFA8C00053B10B /* Images.xcassets */ = {isa = PBXFileReference; lastKnownFileType = folder.assetcatalog; path = Images.xcassets; sourceTree = "<group>"; };
		7EBBF4E019CFA8C00053B10B /* Base */ = {isa = PBXFileReference; lastKnownFileType = file.xib; name = Base; path = Base.lproj/LaunchScreen.xib; sourceTree = "<group>"; };
		7EBBF4E619CFA8C00053B10B /* yelppyTests.xctest */ = {isa = PBXFileReference; explicitFileType = wrapper.cfbundle; includeInIndex = 0; path = yelppyTests.xctest; sourceTree = BUILT_PRODUCTS_DIR; };
		7EBBF4EB19CFA8C00053B10B /* Info.plist */ = {isa = PBXFileReference; lastKnownFileType = text.plist.xml; path = Info.plist; sourceTree = "<group>"; };
		7EBBF4EC19CFA8C00053B10B /* yelppyTests.swift */ = {isa = PBXFileReference; lastKnownFileType = sourcecode.swift; path = yelppyTests.swift; sourceTree = "<group>"; };
		7EBBF4F619CFA9DA0053B10B /* FilterCell.swift */ = {isa = PBXFileReference; fileEncoding = 4; lastKnownFileType = sourcecode.swift; path = FilterCell.swift; sourceTree = "<group>"; };
		7EBBF4F819CFF7160053B10B /* SelectionViewCell.swift */ = {isa = PBXFileReference; fileEncoding = 4; lastKnownFileType = sourcecode.swift; path = SelectionViewCell.swift; sourceTree = "<group>"; };
		7EBBF4FA19D0007F0053B10B /* SortViewCell.swift */ = {isa = PBXFileReference; fileEncoding = 4; lastKnownFileType = sourcecode.swift; path = SortViewCell.swift; sourceTree = "<group>"; };
		7EBBF4FC19D000BA0053B10B /* RadiusViewCell.swift */ = {isa = PBXFileReference; fileEncoding = 4; lastKnownFileType = sourcecode.swift; path = RadiusViewCell.swift; sourceTree = "<group>"; };
		7EBBF55919D0C1EF0053B10B /* yelppy-Bridging-Header.h */ = {isa = PBXFileReference; lastKnownFileType = sourcecode.c.h; path = "yelppy-Bridging-Header.h"; sourceTree = "<group>"; };
		7EBBF55C19D0C2F50053B10B /* YelpClient.swift */ = {isa = PBXFileReference; fileEncoding = 4; lastKnownFileType = sourcecode.swift; path = YelpClient.swift; sourceTree = "<group>"; };
		7EBBF56119D0C4020053B10B /* YelpResultsViewController.swift */ = {isa = PBXFileReference; fileEncoding = 4; lastKnownFileType = sourcecode.swift; path = YelpResultsViewController.swift; sourceTree = "<group>"; };
		7EBBF56719D139900053B10B /* YelpTableViewCell.swift */ = {isa = PBXFileReference; fileEncoding = 4; lastKnownFileType = sourcecode.swift; path = YelpTableViewCell.swift; sourceTree = "<group>"; };
		7EBBF56919D140520053B10B /* RestaurantsViewController.swift */ = {isa = PBXFileReference; fileEncoding = 4; lastKnownFileType = sourcecode.swift; path = RestaurantsViewController.swift; sourceTree = "<group>"; };
		7EBBF56B19D1754D0053B10B /* FilterViewController.swift */ = {isa = PBXFileReference; fileEncoding = 4; lastKnownFileType = sourcecode.swift; path = FilterViewController.swift; sourceTree = "<group>"; };
		7EBBF56D19D176870053B10B /* FilterViewCell.swift */ = {isa = PBXFileReference; fileEncoding = 4; lastKnownFileType = sourcecode.swift; path = FilterViewCell.swift; sourceTree = "<group>"; };
		9804722740BA455B90C29158 /* libPods.a */ = {isa = PBXFileReference; explicitFileType = archive.ar; includeInIndex = 0; path = libPods.a; sourceTree = BUILT_PRODUCTS_DIR; };
		E5DF8E9150424DD9B545945D /* Pods.xcconfig */ = {isa = PBXFileReference; includeInIndex = 1; lastKnownFileType = text.xcconfig; name = Pods.xcconfig; path = Pods/Pods.xcconfig; sourceTree = "<group>"; };
/* End PBXFileReference section */

/* Begin PBXFrameworksBuildPhase section */
		7EBBF4CE19CFA8C00053B10B /* Frameworks */ = {
			isa = PBXFrameworksBuildPhase;
			buildActionMask = 2147483647;
			files = (
				D7A861116766404A84CCBD06 /* libPods.a in Frameworks */,
			);
			runOnlyForDeploymentPostprocessing = 0;
		};
		7EBBF4E319CFA8C00053B10B /* Frameworks */ = {
			isa = PBXFrameworksBuildPhase;
			buildActionMask = 2147483647;
			files = (
			);
			runOnlyForDeploymentPostprocessing = 0;
		};
/* End PBXFrameworksBuildPhase section */

/* Begin PBXGroup section */
		4D18D413D07246AF8E131D3A /* Frameworks */ = {
			isa = PBXGroup;
			children = (
				9804722740BA455B90C29158 /* libPods.a */,
			);
			name = Frameworks;
			sourceTree = "<group>";
		};
		7EBBF4C819CFA8C00053B10B = {
			isa = PBXGroup;
			children = (
				7EBBF4D319CFA8C00053B10B /* yelppy */,
				7EBBF4E919CFA8C00053B10B /* yelppyTests */,
				7EBBF4D219CFA8C00053B10B /* Products */,
				E5DF8E9150424DD9B545945D /* Pods.xcconfig */,
				4D18D413D07246AF8E131D3A /* Frameworks */,
			);
			sourceTree = "<group>";
		};
		7EBBF4D219CFA8C00053B10B /* Products */ = {
			isa = PBXGroup;
			children = (
				7EBBF4D119CFA8C00053B10B /* yelppy.app */,
				7EBBF4E619CFA8C00053B10B /* yelppyTests.xctest */,
			);
			name = Products;
			sourceTree = "<group>";
		};
		7EBBF4D319CFA8C00053B10B /* yelppy */ = {
			isa = PBXGroup;
			children = (
				7EBBF55C19D0C2F50053B10B /* YelpClient.swift */,
				7EBBF4D619CFA8C00053B10B /* AppDelegate.swift */,
				7EBBF4D819CFA8C00053B10B /* ViewController.swift */,
				7EBBF4DA19CFA8C00053B10B /* Main.storyboard */,
				7EBBF4DD19CFA8C00053B10B /* Images.xcassets */,
				7EBBF4DF19CFA8C00053B10B /* LaunchScreen.xib */,
				7EBBF4D419CFA8C00053B10B /* Supporting Files */,
				7EBBF4F619CFA9DA0053B10B /* FilterCell.swift */,
				7EBBF4F819CFF7160053B10B /* SelectionViewCell.swift */,
				7EBBF4FA19D0007F0053B10B /* SortViewCell.swift */,
				7EBBF4FC19D000BA0053B10B /* RadiusViewCell.swift */,
				7EBBF55919D0C1EF0053B10B /* yelppy-Bridging-Header.h */,
				7EBBF56119D0C4020053B10B /* YelpResultsViewController.swift */,
				7EBBF56719D139900053B10B /* YelpTableViewCell.swift */,
				7EBBF56919D140520053B10B /* RestaurantsViewController.swift */,
				7EBBF56B19D1754D0053B10B /* FilterViewController.swift */,
				7EBBF56D19D176870053B10B /* FilterViewCell.swift */,
				00D6141419D218DA00F963A5 /* PriceViewCell.swift */,
			);
			path = yelppy;
			sourceTree = "<group>";
		};
		7EBBF4D419CFA8C00053B10B /* Supporting Files */ = {
			isa = PBXGroup;
			children = (
				7EBBF4D519CFA8C00053B10B /* Info.plist */,
			);
			name = "Supporting Files";
			sourceTree = "<group>";
		};
		7EBBF4E919CFA8C00053B10B /* yelppyTests */ = {
			isa = PBXGroup;
			children = (
				7EBBF4EC19CFA8C00053B10B /* yelppyTests.swift */,
				7EBBF4EA19CFA8C00053B10B /* Supporting Files */,
			);
			path = yelppyTests;
			sourceTree = "<group>";
		};
		7EBBF4EA19CFA8C00053B10B /* Supporting Files */ = {
			isa = PBXGroup;
			children = (
				7EBBF4EB19CFA8C00053B10B /* Info.plist */,
			);
			name = "Supporting Files";
			sourceTree = "<group>";
		};
/* End PBXGroup section */

/* Begin PBXNativeTarget section */
		7EBBF4D019CFA8C00053B10B /* yelppy */ = {
			isa = PBXNativeTarget;
			buildConfigurationList = 7EBBF4F019CFA8C00053B10B /* Build configuration list for PBXNativeTarget "yelppy" */;
			buildPhases = (
				FD8C7B857D814F0FB48DC830 /* Check Pods Manifest.lock */,
				7EBBF4CD19CFA8C00053B10B /* Sources */,
				7EBBF4CE19CFA8C00053B10B /* Frameworks */,
				7EBBF4CF19CFA8C00053B10B /* Resources */,
				6E66727CC2A946B2958147DA /* Copy Pods Resources */,
			);
			buildRules = (
			);
			dependencies = (
			);
			name = yelppy;
			productName = yelppy;
			productReference = 7EBBF4D119CFA8C00053B10B /* yelppy.app */;
			productType = "com.apple.product-type.application";
		};
		7EBBF4E519CFA8C00053B10B /* yelppyTests */ = {
			isa = PBXNativeTarget;
			buildConfigurationList = 7EBBF4F319CFA8C00053B10B /* Build configuration list for PBXNativeTarget "yelppyTests" */;
			buildPhases = (
				7EBBF4E219CFA8C00053B10B /* Sources */,
				7EBBF4E319CFA8C00053B10B /* Frameworks */,
				7EBBF4E419CFA8C00053B10B /* Resources */,
			);
			buildRules = (
			);
			dependencies = (
				7EBBF4E819CFA8C00053B10B /* PBXTargetDependency */,
			);
			name = yelppyTests;
			productName = yelppyTests;
			productReference = 7EBBF4E619CFA8C00053B10B /* yelppyTests.xctest */;
			productType = "com.apple.product-type.bundle.unit-test";
		};
/* End PBXNativeTarget section */

/* Begin PBXProject section */
		7EBBF4C919CFA8C00053B10B /* Project object */ = {
			isa = PBXProject;
			attributes = {
				LastUpgradeCheck = 0600;
				ORGANIZATIONNAME = "Deepak Agarwal";
				TargetAttributes = {
					7EBBF4D019CFA8C00053B10B = {
						CreatedOnToolsVersion = 6.0;
					};
					7EBBF4E519CFA8C00053B10B = {
						CreatedOnToolsVersion = 6.0;
						TestTargetID = 7EBBF4D019CFA8C00053B10B;
					};
				};
			};
			buildConfigurationList = 7EBBF4CC19CFA8C00053B10B /* Build configuration list for PBXProject "yelppy" */;
			compatibilityVersion = "Xcode 3.2";
			developmentRegion = English;
			hasScannedForEncodings = 0;
			knownRegions = (
				en,
				Base,
			);
			mainGroup = 7EBBF4C819CFA8C00053B10B;
			productRefGroup = 7EBBF4D219CFA8C00053B10B /* Products */;
			projectDirPath = "";
			projectRoot = "";
			targets = (
				7EBBF4D019CFA8C00053B10B /* yelppy */,
				7EBBF4E519CFA8C00053B10B /* yelppyTests */,
			);
		};
/* End PBXProject section */

/* Begin PBXResourcesBuildPhase section */
		7EBBF4CF19CFA8C00053B10B /* Resources */ = {
			isa = PBXResourcesBuildPhase;
			buildActionMask = 2147483647;
			files = (
				7EBBF4DC19CFA8C00053B10B /* Main.storyboard in Resources */,
				7EBBF4E119CFA8C00053B10B /* LaunchScreen.xib in Resources */,
				7EBBF4DE19CFA8C00053B10B /* Images.xcassets in Resources */,
			);
			runOnlyForDeploymentPostprocessing = 0;
		};
		7EBBF4E419CFA8C00053B10B /* Resources */ = {
			isa = PBXResourcesBuildPhase;
			buildActionMask = 2147483647;
			files = (
			);
			runOnlyForDeploymentPostprocessing = 0;
		};
/* End PBXResourcesBuildPhase section */

/* Begin PBXShellScriptBuildPhase section */
		6E66727CC2A946B2958147DA /* Copy Pods Resources */ = {
			isa = PBXShellScriptBuildPhase;
			buildActionMask = 2147483647;
			files = (
			);
			inputPaths = (
			);
			name = "Copy Pods Resources";
			outputPaths = (
			);
			runOnlyForDeploymentPostprocessing = 0;
			shellPath = /bin/sh;
			shellScript = "\"${SRCROOT}/Pods/Pods-resources.sh\"\n";
			showEnvVarsInLog = 0;
		};
		FD8C7B857D814F0FB48DC830 /* Check Pods Manifest.lock */ = {
			isa = PBXShellScriptBuildPhase;
			buildActionMask = 2147483647;
			files = (
			);
			inputPaths = (
			);
			name = "Check Pods Manifest.lock";
			outputPaths = (
			);
			runOnlyForDeploymentPostprocessing = 0;
			shellPath = /bin/sh;
			shellScript = "diff \"${PODS_ROOT}/../Podfile.lock\" \"${PODS_ROOT}/Manifest.lock\" > /dev/null\nif [[ $? != 0 ]] ; then\n    cat << EOM\nerror: The sandbox is not in sync with the Podfile.lock. Run 'pod install' or update your CocoaPods installation.\nEOM\n    exit 1\nfi\n";
			showEnvVarsInLog = 0;
		};
/* End PBXShellScriptBuildPhase section */

/* Begin PBXSourcesBuildPhase section */
		7EBBF4CD19CFA8C00053B10B /* Sources */ = {
			isa = PBXSourcesBuildPhase;
			buildActionMask = 2147483647;
			files = (
				7EBBF56E19D176870053B10B /* FilterViewCell.swift in Sources */,
				7EBBF4D919CFA8C00053B10B /* ViewController.swift in Sources */,
				00D6141519D218DA00F963A5 /* PriceViewCell.swift in Sources */,
				7EBBF4F719CFA9DA0053B10B /* FilterCell.swift in Sources */,
				7EBBF4FD19D000BA0053B10B /* RadiusViewCell.swift in Sources */,
				7EBBF56A19D140520053B10B /* RestaurantsViewController.swift in Sources */,
				7EBBF4FB19D0007F0053B10B /* SortViewCell.swift in Sources */,
				7EBBF56C19D1754D0053B10B /* FilterViewController.swift in Sources */,
				7EBBF4D719CFA8C00053B10B /* AppDelegate.swift in Sources */,
				7EBBF56819D139900053B10B /* YelpTableViewCell.swift in Sources */,
				7EBBF56219D0C4020053B10B /* YelpResultsViewController.swift in Sources */,
				7EBBF4F919CFF7160053B10B /* SelectionViewCell.swift in Sources */,
				7EBBF55D19D0C2F50053B10B /* YelpClient.swift in Sources */,
			);
			runOnlyForDeploymentPostprocessing = 0;
		};
		7EBBF4E219CFA8C00053B10B /* Sources */ = {
			isa = PBXSourcesBuildPhase;
			buildActionMask = 2147483647;
			files = (
				7EBBF4ED19CFA8C00053B10B /* yelppyTests.swift in Sources */,
			);
			runOnlyForDeploymentPostprocessing = 0;
		};
/* End PBXSourcesBuildPhase section */

/* Begin PBXTargetDependency section */
		7EBBF4E819CFA8C00053B10B /* PBXTargetDependency */ = {
			isa = PBXTargetDependency;
			target = 7EBBF4D019CFA8C00053B10B /* yelppy */;
			targetProxy = 7EBBF4E719CFA8C00053B10B /* PBXContainerItemProxy */;
		};
/* End PBXTargetDependency section */

/* Begin PBXVariantGroup section */
		7EBBF4DA19CFA8C00053B10B /* Main.storyboard */ = {
			isa = PBXVariantGroup;
			children = (
				7EBBF4DB19CFA8C00053B10B /* Base */,
			);
			name = Main.storyboard;
			sourceTree = "<group>";
		};
		7EBBF4DF19CFA8C00053B10B /* LaunchScreen.xib */ = {
			isa = PBXVariantGroup;
			children = (
				7EBBF4E019CFA8C00053B10B /* Base */,
			);
			name = LaunchScreen.xib;
			sourceTree = "<group>";
		};
/* End PBXVariantGroup section */

/* Begin XCBuildConfiguration section */
		7EBBF4EE19CFA8C00053B10B /* Debug */ = {
			isa = XCBuildConfiguration;
			buildSettings = {
				ALWAYS_SEARCH_USER_PATHS = NO;
				CLANG_CXX_LANGUAGE_STANDARD = "gnu++0x";
				CLANG_CXX_LIBRARY = "libc++";
				CLANG_ENABLE_MODULES = YES;
				CLANG_ENABLE_OBJC_ARC = YES;
				CLANG_WARN_BOOL_CONVERSION = YES;
				CLANG_WARN_CONSTANT_CONVERSION = YES;
				CLANG_WARN_DIRECT_OBJC_ISA_USAGE = YES_ERROR;
				CLANG_WARN_EMPTY_BODY = YES;
				CLANG_WARN_ENUM_CONVERSION = YES;
				CLANG_WARN_INT_CONVERSION = YES;
				CLANG_WARN_OBJC_ROOT_CLASS = YES_ERROR;
				CLANG_WARN_UNREACHABLE_CODE = YES;
				CLANG_WARN__DUPLICATE_METHOD_MATCH = YES;
				"CODE_SIGN_IDENTITY[sdk=iphoneos*]" = "iPhone Developer";
				COPY_PHASE_STRIP = NO;
				ENABLE_STRICT_OBJC_MSGSEND = YES;
				GCC_C_LANGUAGE_STANDARD = gnu99;
				GCC_DYNAMIC_NO_PIC = NO;
				GCC_OPTIMIZATION_LEVEL = 0;
				GCC_PREPROCESSOR_DEFINITIONS = (
					"DEBUG=1",
					"$(inherited)",
				);
				GCC_SYMBOLS_PRIVATE_EXTERN = NO;
				GCC_WARN_64_TO_32_BIT_CONVERSION = YES;
				GCC_WARN_ABOUT_RETURN_TYPE = YES_ERROR;
				GCC_WARN_UNDECLARED_SELECTOR = YES;
				GCC_WARN_UNINITIALIZED_AUTOS = YES_AGGRESSIVE;
				GCC_WARN_UNUSED_FUNCTION = YES;
				GCC_WARN_UNUSED_VARIABLE = YES;
				IPHONEOS_DEPLOYMENT_TARGET = 8.0;
				MTL_ENABLE_DEBUG_INFO = YES;
				ONLY_ACTIVE_ARCH = YES;
				SDKROOT = iphoneos;
				SWIFT_OPTIMIZATION_LEVEL = "-Onone";
			};
			name = Debug;
		};
		7EBBF4EF19CFA8C00053B10B /* Release */ = {
			isa = XCBuildConfiguration;
			buildSettings = {
				ALWAYS_SEARCH_USER_PATHS = NO;
				CLANG_CXX_LANGUAGE_STANDARD = "gnu++0x";
				CLANG_CXX_LIBRARY = "libc++";
				CLANG_ENABLE_MODULES = YES;
				CLANG_ENABLE_OBJC_ARC = YES;
				CLANG_WARN_BOOL_CONVERSION = YES;
				CLANG_WARN_CONSTANT_CONVERSION = YES;
				CLANG_WARN_DIRECT_OBJC_ISA_USAGE = YES_ERROR;
				CLANG_WARN_EMPTY_BODY = YES;
				CLANG_WARN_ENUM_CONVERSION = YES;
				CLANG_WARN_INT_CONVERSION = YES;
				CLANG_WARN_OBJC_ROOT_CLASS = YES_ERROR;
				CLANG_WARN_UNREACHABLE_CODE = YES;
				CLANG_WARN__DUPLICATE_METHOD_MATCH = YES;
				"CODE_SIGN_IDENTITY[sdk=iphoneos*]" = "iPhone Developer";
				COPY_PHASE_STRIP = YES;
				ENABLE_NS_ASSERTIONS = NO;
				ENABLE_STRICT_OBJC_MSGSEND = YES;
				GCC_C_LANGUAGE_STANDARD = gnu99;
				GCC_WARN_64_TO_32_BIT_CONVERSION = YES;
				GCC_WARN_ABOUT_RETURN_TYPE = YES_ERROR;
				GCC_WARN_UNDECLARED_SELECTOR = YES;
				GCC_WARN_UNINITIALIZED_AUTOS = YES_AGGRESSIVE;
				GCC_WARN_UNUSED_FUNCTION = YES;
				GCC_WARN_UNUSED_VARIABLE = YES;
				IPHONEOS_DEPLOYMENT_TARGET = 8.0;
				MTL_ENABLE_DEBUG_INFO = NO;
				SDKROOT = iphoneos;
				VALIDATE_PRODUCT = YES;
			};
			name = Release;
		};
		7EBBF4F119CFA8C00053B10B /* Debug */ = {
			isa = XCBuildConfiguration;
			baseConfigurationReference = E5DF8E9150424DD9B545945D /* Pods.xcconfig */;
			buildSettings = {
				ASSETCATALOG_COMPILER_APPICON_NAME = AppIcon;
				CLANG_ENABLE_MODULES = YES;
				INFOPLIST_FILE = yelppy/Info.plist;
				LD_RUNPATH_SEARCH_PATHS = "$(inherited) @executable_path/Frameworks";
				PRODUCT_NAME = "$(TARGET_NAME)";
				SWIFT_OBJC_BRIDGING_HEADER = "yelppy/yelppy-Bridging-Header.h";
				SWIFT_OPTIMIZATION_LEVEL = "-Onone";
			};
			name = Debug;
		};
		7EBBF4F219CFA8C00053B10B /* Release */ = {
			isa = XCBuildConfiguration;
			baseConfigurationReference = E5DF8E9150424DD9B545945D /* Pods.xcconfig */;
			buildSettings = {
				ASSETCATALOG_COMPILER_APPICON_NAME = AppIcon;
				CLANG_ENABLE_MODULES = YES;
				INFOPLIST_FILE = yelppy/Info.plist;
				LD_RUNPATH_SEARCH_PATHS = "$(inherited) @executable_path/Frameworks";
				PRODUCT_NAME = "$(TARGET_NAME)";
				SWIFT_OBJC_BRIDGING_HEADER = "yelppy/yelppy-Bridging-Header.h";
			};
			name = Release;
		};
		7EBBF4F419CFA8C00053B10B /* Debug */ = {
			isa = XCBuildConfiguration;
			buildSettings = {
				BUNDLE_LOADER = "$(TEST_HOST)";
				FRAMEWORK_SEARCH_PATHS = (
					"$(SDKROOT)/Developer/Library/Frameworks",
					"$(inherited)",
				);
				GCC_PREPROCESSOR_DEFINITIONS = (
					"DEBUG=1",
					"$(inherited)",
				);
				INFOPLIST_FILE = yelppyTests/Info.plist;
				LD_RUNPATH_SEARCH_PATHS = "$(inherited) @executable_path/Frameworks @loader_path/Frameworks";
				PRODUCT_NAME = "$(TARGET_NAME)";
				TEST_HOST = "$(BUILT_PRODUCTS_DIR)/yelppy.app/yelppy";
			};
			name = Debug;
		};
		7EBBF4F519CFA8C00053B10B /* Release */ = {
			isa = XCBuildConfiguration;
			buildSettings = {
				BUNDLE_LOADER = "$(TEST_HOST)";
				FRAMEWORK_SEARCH_PATHS = (
					"$(SDKROOT)/Developer/Library/Frameworks",
					"$(inherited)",
				);
				INFOPLIST_FILE = yelppyTests/Info.plist;
				LD_RUNPATH_SEARCH_PATHS = "$(inherited) @executable_path/Frameworks @loader_path/Frameworks";
				PRODUCT_NAME = "$(TARGET_NAME)";
				TEST_HOST = "$(BUILT_PRODUCTS_DIR)/yelppy.app/yelppy";
			};
			name = Release;
		};
/* End XCBuildConfiguration section */

/* Begin XCConfigurationList section */
		7EBBF4CC19CFA8C00053B10B /* Build configuration list for PBXProject "yelppy" */ = {
			isa = XCConfigurationList;
			buildConfigurations = (
				7EBBF4EE19CFA8C00053B10B /* Debug */,
				7EBBF4EF19CFA8C00053B10B /* Release */,
			);
			defaultConfigurationIsVisible = 0;
			defaultConfigurationName = Release;
		};
		7EBBF4F019CFA8C00053B10B /* Build configuration list for PBXNativeTarget "yelppy" */ = {
			isa = XCConfigurationList;
			buildConfigurations = (
				7EBBF4F119CFA8C00053B10B /* Debug */,
				7EBBF4F219CFA8C00053B10B /* Release */,
			);
			defaultConfigurationIsVisible = 0;
			defaultConfigurationName = Release;
		};
		7EBBF4F319CFA8C00053B10B /* Build configuration list for PBXNativeTarget "yelppyTests" */ = {
			isa = XCConfigurationList;
			buildConfigurations = (
				7EBBF4F419CFA8C00053B10B /* Debug */,
				7EBBF4F519CFA8C00053B10B /* Release */,
			);
			defaultConfigurationIsVisible = 0;
			defaultConfigurationName = Release;
		};
/* End XCConfigurationList section */
	};
	rootObject = 7EBBF4C919CFA8C00053B10B /* Project object */;
}
